// !$*UTF8*$!
{
	archiveVersion = 1;
	classes = {
	};
	objectVersion = 46;
	objects = {

/* Begin PBXBuildFile section */
		8F58179C192C51BCCE17674E /* Pods_EmployeeApp.framework in Frameworks */ = {isa = PBXBuildFile; fileRef = 351EC69A2866FA2DEE9B5A22 /* Pods_EmployeeApp.framework */; };
		DE2213BB1FCCFB71003D88B3 /* OrderTableViewController.swift in Sources */ = {isa = PBXBuildFile; fileRef = DE2213BA1FCCFB71003D88B3 /* OrderTableViewController.swift */; };
		DE2213C01FCCFFD3003D88B3 /* AppDelegate.swift in Sources */ = {isa = PBXBuildFile; fileRef = DE4D301C1F86D0250034D7C1 /* AppDelegate.swift */; };
		DE2213C11FCCFFD4003D88B3 /* AppDelegate.swift in Sources */ = {isa = PBXBuildFile; fileRef = DE4D301C1F86D0250034D7C1 /* AppDelegate.swift */; };
		DE2213C71FD0E60C003D88B3 /* Order.swift in Sources */ = {isa = PBXBuildFile; fileRef = DE2213C31FCD0ACD003D88B3 /* Order.swift */; };
		DE4D301D1F86D0250034D7C1 /* AppDelegate.swift in Sources */ = {isa = PBXBuildFile; fileRef = DE4D301C1F86D0250034D7C1 /* AppDelegate.swift */; };
		DE4D30221F86D0260034D7C1 /* Main.storyboard in Resources */ = {isa = PBXBuildFile; fileRef = DE4D30201F86D0260034D7C1 /* Main.storyboard */; };
		DE4D30241F86D0270034D7C1 /* Assets.xcassets in Resources */ = {isa = PBXBuildFile; fileRef = DE4D30231F86D0270034D7C1 /* Assets.xcassets */; };
		DE4D30271F86D0270034D7C1 /* LaunchScreen.storyboard in Resources */ = {isa = PBXBuildFile; fileRef = DE4D30251F86D0270034D7C1 /* LaunchScreen.storyboard */; };
		DE4D30321F86D0390034D7C1 /* EmployeeAppTests.swift in Sources */ = {isa = PBXBuildFile; fileRef = DE4D30311F86D0390034D7C1 /* EmployeeAppTests.swift */; };
		DE4D303D1F86D03A0034D7C1 /* EmployeeAppUITests.swift in Sources */ = {isa = PBXBuildFile; fileRef = DE4D303C1F86D03A0034D7C1 /* EmployeeAppUITests.swift */; };
		DE57FA931FCCBF540085FEEF /* OrderTableViewCell.swift in Sources */ = {isa = PBXBuildFile; fileRef = DE57FA921FCCBF530085FEEF /* OrderTableViewCell.swift */; };
/* End PBXBuildFile section */

/* Begin PBXContainerItemProxy section */
		DE4D302E1F86D0390034D7C1 /* PBXContainerItemProxy */ = {
			isa = PBXContainerItemProxy;
			containerPortal = DE4D30111F86D0230034D7C1 /* Project object */;
			proxyType = 1;
			remoteGlobalIDString = DE4D30181F86D0240034D7C1;
			remoteInfo = EmployeeApp;
		};
		DE4D30391F86D03A0034D7C1 /* PBXContainerItemProxy */ = {
			isa = PBXContainerItemProxy;
			containerPortal = DE4D30111F86D0230034D7C1 /* Project object */;
			proxyType = 1;
			remoteGlobalIDString = DE4D30181F86D0240034D7C1;
			remoteInfo = EmployeeApp;
		};
/* End PBXContainerItemProxy section */

/* Begin PBXFileReference section */
		351EC69A2866FA2DEE9B5A22 /* Pods_EmployeeApp.framework */ = {isa = PBXFileReference; explicitFileType = wrapper.framework; includeInIndex = 0; path = Pods_EmployeeApp.framework; sourceTree = BUILT_PRODUCTS_DIR; };
		C169EABAAEB6007D39EF7FF1 /* Pods-EmployeeApp.debug.xcconfig */ = {isa = PBXFileReference; includeInIndex = 1; lastKnownFileType = text.xcconfig; name = "Pods-EmployeeApp.debug.xcconfig"; path = "Pods/Target Support Files/Pods-EmployeeApp/Pods-EmployeeApp.debug.xcconfig"; sourceTree = "<group>"; };
		DE2213BA1FCCFB71003D88B3 /* OrderTableViewController.swift */ = {isa = PBXFileReference; fileEncoding = 4; lastKnownFileType = sourcecode.swift; path = OrderTableViewController.swift; sourceTree = "<group>"; };
		DE2213C31FCD0ACD003D88B3 /* Order.swift */ = {isa = PBXFileReference; lastKnownFileType = sourcecode.swift; path = Order.swift; sourceTree = "<group>"; };
		DE4D30191F86D0240034D7C1 /* EmployeeApp.app */ = {isa = PBXFileReference; explicitFileType = wrapper.application; includeInIndex = 0; path = EmployeeApp.app; sourceTree = BUILT_PRODUCTS_DIR; };
		DE4D301C1F86D0250034D7C1 /* AppDelegate.swift */ = {isa = PBXFileReference; lastKnownFileType = sourcecode.swift; path = AppDelegate.swift; sourceTree = "<group>"; };
		DE4D30211F86D0260034D7C1 /* Base */ = {isa = PBXFileReference; lastKnownFileType = file.storyboard; name = Base; path = Base.lproj/Main.storyboard; sourceTree = "<group>"; };
		DE4D30231F86D0270034D7C1 /* Assets.xcassets */ = {isa = PBXFileReference; lastKnownFileType = folder.assetcatalog; path = Assets.xcassets; sourceTree = "<group>"; };
		DE4D30261F86D0270034D7C1 /* Base */ = {isa = PBXFileReference; lastKnownFileType = file.storyboard; name = Base; path = Base.lproj/LaunchScreen.storyboard; sourceTree = "<group>"; };
		DE4D30281F86D0290034D7C1 /* Info.plist */ = {isa = PBXFileReference; lastKnownFileType = text.plist.xml; path = Info.plist; sourceTree = "<group>"; };
		DE4D302D1F86D0390034D7C1 /* EmployeeAppTests.xctest */ = {isa = PBXFileReference; explicitFileType = wrapper.cfbundle; includeInIndex = 0; path = EmployeeAppTests.xctest; sourceTree = BUILT_PRODUCTS_DIR; };
		DE4D30311F86D0390034D7C1 /* EmployeeAppTests.swift */ = {isa = PBXFileReference; lastKnownFileType = sourcecode.swift; path = EmployeeAppTests.swift; sourceTree = "<group>"; };
		DE4D30331F86D03A0034D7C1 /* Info.plist */ = {isa = PBXFileReference; lastKnownFileType = text.plist.xml; path = Info.plist; sourceTree = "<group>"; };
		DE4D30381F86D03A0034D7C1 /* EmployeeAppUITests.xctest */ = {isa = PBXFileReference; explicitFileType = wrapper.cfbundle; includeInIndex = 0; path = EmployeeAppUITests.xctest; sourceTree = BUILT_PRODUCTS_DIR; };
		DE4D303C1F86D03A0034D7C1 /* EmployeeAppUITests.swift */ = {isa = PBXFileReference; lastKnownFileType = sourcecode.swift; path = EmployeeAppUITests.swift; sourceTree = "<group>"; };
		DE4D303E1F86D03A0034D7C1 /* Info.plist */ = {isa = PBXFileReference; lastKnownFileType = text.plist.xml; name = Info.plist; path = EmployeeAppUITests/Info.plist; sourceTree = "<group>"; };
		DE57FA921FCCBF530085FEEF /* OrderTableViewCell.swift */ = {isa = PBXFileReference; lastKnownFileType = sourcecode.swift; path = OrderTableViewCell.swift; sourceTree = "<group>"; };
		ED5BCDB9F45AE97AA36709B3 /* Pods-EmployeeApp.release.xcconfig */ = {isa = PBXFileReference; includeInIndex = 1; lastKnownFileType = text.xcconfig; name = "Pods-EmployeeApp.release.xcconfig"; path = "Pods/Target Support Files/Pods-EmployeeApp/Pods-EmployeeApp.release.xcconfig"; sourceTree = "<group>"; };
/* End PBXFileReference section */

/* Begin PBXFrameworksBuildPhase section */
		DE4D30161F86D0240034D7C1 /* Frameworks */ = {
			isa = PBXFrameworksBuildPhase;
			buildActionMask = 2147483647;
			files = (
				8F58179C192C51BCCE17674E /* Pods_EmployeeApp.framework in Frameworks */,
			);
			runOnlyForDeploymentPostprocessing = 0;
		};
		DE4D302A1F86D0390034D7C1 /* Frameworks */ = {
			isa = PBXFrameworksBuildPhase;
			buildActionMask = 2147483647;
			files = (
			);
			runOnlyForDeploymentPostprocessing = 0;
		};
		DE4D30351F86D03A0034D7C1 /* Frameworks */ = {
			isa = PBXFrameworksBuildPhase;
			buildActionMask = 2147483647;
			files = (
			);
			runOnlyForDeploymentPostprocessing = 0;
		};
/* End PBXFrameworksBuildPhase section */

/* Begin PBXGroup section */
		B0F696174F13D696D80048DF /* Pods */ = {
			isa = PBXGroup;
			children = (
				C169EABAAEB6007D39EF7FF1 /* Pods-EmployeeApp.debug.xcconfig */,
				ED5BCDB9F45AE97AA36709B3 /* Pods-EmployeeApp.release.xcconfig */,
			);
			name = Pods;
			sourceTree = "<group>";
		};
		DE4D30101F86D0220034D7C1 = {
			isa = PBXGroup;
			children = (
				DE4D303E1F86D03A0034D7C1 /* Info.plist */,
				DE4D301B1F86D0250034D7C1 /* EmployeeApp */,
				DE4D30301F86D0390034D7C1 /* EmployeeAppTests */,
				DE4D303B1F86D03A0034D7C1 /* EmployeeAppUITests */,
				DE4D301A1F86D0240034D7C1 /* Products */,
				B0F696174F13D696D80048DF /* Pods */,
				EE37DEFDD23C7355FECC98D3 /* Frameworks */,
			);
			sourceTree = "<group>";
		};
		DE4D301A1F86D0240034D7C1 /* Products */ = {
			isa = PBXGroup;
			children = (
				DE4D30191F86D0240034D7C1 /* EmployeeApp.app */,
				DE4D302D1F86D0390034D7C1 /* EmployeeAppTests.xctest */,
				DE4D30381F86D03A0034D7C1 /* EmployeeAppUITests.xctest */,
			);
			name = Products;
			sourceTree = "<group>";
		};
		DE4D301B1F86D0250034D7C1 /* EmployeeApp */ = {
			isa = PBXGroup;
			children = (
				DE4D301C1F86D0250034D7C1 /* AppDelegate.swift */,
				DE2213BA1FCCFB71003D88B3 /* OrderTableViewController.swift */,
				DE2213C31FCD0ACD003D88B3 /* Order.swift */,
				DE57FA921FCCBF530085FEEF /* OrderTableViewCell.swift */,
				DE4D30201F86D0260034D7C1 /* Main.storyboard */,
				DE4D30231F86D0270034D7C1 /* Assets.xcassets */,
				DE4D30251F86D0270034D7C1 /* LaunchScreen.storyboard */,
				DE4D30281F86D0290034D7C1 /* Info.plist */,
			);
			path = EmployeeApp;
			sourceTree = "<group>";
		};
		DE4D30301F86D0390034D7C1 /* EmployeeAppTests */ = {
			isa = PBXGroup;
			children = (
				DE4D30311F86D0390034D7C1 /* EmployeeAppTests.swift */,
				DE4D30331F86D03A0034D7C1 /* Info.plist */,
			);
			path = EmployeeAppTests;
			sourceTree = "<group>";
		};
		DE4D303B1F86D03A0034D7C1 /* EmployeeAppUITests */ = {
			isa = PBXGroup;
			children = (
				DE4D303C1F86D03A0034D7C1 /* EmployeeAppUITests.swift */,
			);
			path = EmployeeAppUITests;
			sourceTree = "<group>";
		};
		EE37DEFDD23C7355FECC98D3 /* Frameworks */ = {
			isa = PBXGroup;
			children = (
				351EC69A2866FA2DEE9B5A22 /* Pods_EmployeeApp.framework */,
			);
			name = Frameworks;
			sourceTree = "<group>";
		};
/* End PBXGroup section */

/* Begin PBXNativeTarget section */
		DE4D30181F86D0240034D7C1 /* EmployeeApp */ = {
			isa = PBXNativeTarget;
			buildConfigurationList = DE4D30411F86D03A0034D7C1 /* Build configuration list for PBXNativeTarget "EmployeeApp" */;
			buildPhases = (
				340F1654BA056FBF3F4D109E /* [CP] Check Pods Manifest.lock */,
				DE4D30151F86D0240034D7C1 /* Sources */,
				DE4D30161F86D0240034D7C1 /* Frameworks */,
				DE4D30171F86D0240034D7C1 /* Resources */,
				096CB603B8D46726ED41FDA5 /* [CP] Embed Pods Frameworks */,
				580235B4ED4BC38FCD95806E /* [CP] Copy Pods Resources */,
			);
			buildRules = (
			);
			dependencies = (
			);
			name = EmployeeApp;
			productName = EmployeeApp;
			productReference = DE4D30191F86D0240034D7C1 /* EmployeeApp.app */;
			productType = "com.apple.product-type.application";
		};
		DE4D302C1F86D0390034D7C1 /* EmployeeAppTests */ = {
			isa = PBXNativeTarget;
			buildConfigurationList = DE4D30441F86D03A0034D7C1 /* Build configuration list for PBXNativeTarget "EmployeeAppTests" */;
			buildPhases = (
				DE4D30291F86D0390034D7C1 /* Sources */,
				DE4D302A1F86D0390034D7C1 /* Frameworks */,
				DE4D302B1F86D0390034D7C1 /* Resources */,
			);
			buildRules = (
			);
			dependencies = (
				DE4D302F1F86D0390034D7C1 /* PBXTargetDependency */,
			);
			name = EmployeeAppTests;
			productName = EmployeeAppTests;
			productReference = DE4D302D1F86D0390034D7C1 /* EmployeeAppTests.xctest */;
			productType = "com.apple.product-type.bundle.unit-test";
		};
		DE4D30371F86D03A0034D7C1 /* EmployeeAppUITests */ = {
			isa = PBXNativeTarget;
			buildConfigurationList = DE4D30471F86D03A0034D7C1 /* Build configuration list for PBXNativeTarget "EmployeeAppUITests" */;
			buildPhases = (
				DE4D30341F86D03A0034D7C1 /* Sources */,
				DE4D30351F86D03A0034D7C1 /* Frameworks */,
				DE4D30361F86D03A0034D7C1 /* Resources */,
			);
			buildRules = (
			);
			dependencies = (
				DE4D303A1F86D03A0034D7C1 /* PBXTargetDependency */,
			);
			name = EmployeeAppUITests;
			productName = EmployeeAppUITests;
			productReference = DE4D30381F86D03A0034D7C1 /* EmployeeAppUITests.xctest */;
			productType = "com.apple.product-type.bundle.ui-testing";
		};
/* End PBXNativeTarget section */

/* Begin PBXProject section */
		DE4D30111F86D0230034D7C1 /* Project object */ = {
			isa = PBXProject;
			attributes = {
				LastSwiftUpdateCheck = 0830;
				LastUpgradeCheck = 0910;
				ORGANIZATIONNAME = "Briahna Santillana";
				TargetAttributes = {
					DE4D30181F86D0240034D7C1 = {
						CreatedOnToolsVersion = 8.3.3;
						DevelopmentTeam = BWFPD36VY3;
						ProvisioningStyle = Automatic;
						SystemCapabilities = {
							com.apple.Keychain = {
								enabled = 0;
							};
						};
					};
					DE4D302C1F86D0390034D7C1 = {
						CreatedOnToolsVersion = 8.3.3;
						ProvisioningStyle = Manual;
						TestTargetID = DE4D30181F86D0240034D7C1;
					};
					DE4D30371F86D03A0034D7C1 = {
						CreatedOnToolsVersion = 8.3.3;
						ProvisioningStyle = Manual;
						TestTargetID = DE4D30181F86D0240034D7C1;
					};
				};
			};
			buildConfigurationList = DE4D30141F86D0230034D7C1 /* Build configuration list for PBXProject "EmployeeApp" */;
			compatibilityVersion = "Xcode 3.2";
			developmentRegion = English;
			hasScannedForEncodings = 0;
			knownRegions = (
				en,
				Base,
			);
			mainGroup = DE4D30101F86D0220034D7C1;
			productRefGroup = DE4D301A1F86D0240034D7C1 /* Products */;
			projectDirPath = "";
			projectRoot = "";
			targets = (
				DE4D30181F86D0240034D7C1 /* EmployeeApp */,
				DE4D302C1F86D0390034D7C1 /* EmployeeAppTests */,
				DE4D30371F86D03A0034D7C1 /* EmployeeAppUITests */,
			);
		};
/* End PBXProject section */

/* Begin PBXResourcesBuildPhase section */
		DE4D30171F86D0240034D7C1 /* Resources */ = {
			isa = PBXResourcesBuildPhase;
			buildActionMask = 2147483647;
			files = (
				DE4D30271F86D0270034D7C1 /* LaunchScreen.storyboard in Resources */,
				DE4D30241F86D0270034D7C1 /* Assets.xcassets in Resources */,
				DE4D30221F86D0260034D7C1 /* Main.storyboard in Resources */,
			);
			runOnlyForDeploymentPostprocessing = 0;
		};
		DE4D302B1F86D0390034D7C1 /* Resources */ = {
			isa = PBXResourcesBuildPhase;
			buildActionMask = 2147483647;
			files = (
			);
			runOnlyForDeploymentPostprocessing = 0;
		};
		DE4D30361F86D03A0034D7C1 /* Resources */ = {
			isa = PBXResourcesBuildPhase;
			buildActionMask = 2147483647;
			files = (
			);
			runOnlyForDeploymentPostprocessing = 0;
		};
/* End PBXResourcesBuildPhase section */

/* Begin PBXShellScriptBuildPhase section */
		096CB603B8D46726ED41FDA5 /* [CP] Embed Pods Frameworks */ = {
			isa = PBXShellScriptBuildPhase;
			buildActionMask = 2147483647;
			files = (
			);
			inputPaths = (
				"${SRCROOT}/Pods/Target Support Files/Pods-EmployeeApp/Pods-EmployeeApp-frameworks.sh",
				"${BUILT_PRODUCTS_DIR}/AWSCloudWatch/AWSCloudWatch.framework",
				"${BUILT_PRODUCTS_DIR}/AWSCognito/AWSCognito.framework",
				"${BUILT_PRODUCTS_DIR}/AWSCognitoIdentityProvider/AWSCognitoIdentityProvider.framework",
				"${BUILT_PRODUCTS_DIR}/AWSCore/AWSCore.framework",
				"${BUILT_PRODUCTS_DIR}/AWSDynamoDB/AWSDynamoDB.framework",
				"${BUILT_PRODUCTS_DIR}/AWSEC2/AWSEC2.framework",
				"${BUILT_PRODUCTS_DIR}/AWSElasticLoadBalancing/AWSElasticLoadBalancing.framework",
				"${BUILT_PRODUCTS_DIR}/AWSIoT/AWSIoT.framework",
				"${BUILT_PRODUCTS_DIR}/AWSKinesis/AWSKinesis.framework",
				"${BUILT_PRODUCTS_DIR}/AWSLambda/AWSLambda.framework",
				"${BUILT_PRODUCTS_DIR}/AWSMachineLearning/AWSMachineLearning.framework",
				"${BUILT_PRODUCTS_DIR}/AWSMobileAnalytics/AWSMobileAnalytics.framework",
				"${BUILT_PRODUCTS_DIR}/AWSS3/AWSS3.framework",
				"${BUILT_PRODUCTS_DIR}/AWSSES/AWSSES.framework",
				"${BUILT_PRODUCTS_DIR}/AWSSNS/AWSSNS.framework",
				"${BUILT_PRODUCTS_DIR}/AWSSQS/AWSSQS.framework",
				"${BUILT_PRODUCTS_DIR}/AWSSimpleDB/AWSSimpleDB.framework",
			);
			name = "[CP] Embed Pods Frameworks";
			outputPaths = (
				"${TARGET_BUILD_DIR}/${FRAMEWORKS_FOLDER_PATH}/AWSCloudWatch.framework",
				"${TARGET_BUILD_DIR}/${FRAMEWORKS_FOLDER_PATH}/AWSCognito.framework",
				"${TARGET_BUILD_DIR}/${FRAMEWORKS_FOLDER_PATH}/AWSCognitoIdentityProvider.framework",
				"${TARGET_BUILD_DIR}/${FRAMEWORKS_FOLDER_PATH}/AWSCore.framework",
				"${TARGET_BUILD_DIR}/${FRAMEWORKS_FOLDER_PATH}/AWSDynamoDB.framework",
				"${TARGET_BUILD_DIR}/${FRAMEWORKS_FOLDER_PATH}/AWSEC2.framework",
				"${TARGET_BUILD_DIR}/${FRAMEWORKS_FOLDER_PATH}/AWSElasticLoadBalancing.framework",
				"${TARGET_BUILD_DIR}/${FRAMEWORKS_FOLDER_PATH}/AWSIoT.framework",
				"${TARGET_BUILD_DIR}/${FRAMEWORKS_FOLDER_PATH}/AWSKinesis.framework",
				"${TARGET_BUILD_DIR}/${FRAMEWORKS_FOLDER_PATH}/AWSLambda.framework",
				"${TARGET_BUILD_DIR}/${FRAMEWORKS_FOLDER_PATH}/AWSMachineLearning.framework",
				"${TARGET_BUILD_DIR}/${FRAMEWORKS_FOLDER_PATH}/AWSMobileAnalytics.framework",
				"${TARGET_BUILD_DIR}/${FRAMEWORKS_FOLDER_PATH}/AWSS3.framework",
				"${TARGET_BUILD_DIR}/${FRAMEWORKS_FOLDER_PATH}/AWSSES.framework",
				"${TARGET_BUILD_DIR}/${FRAMEWORKS_FOLDER_PATH}/AWSSNS.framework",
				"${TARGET_BUILD_DIR}/${FRAMEWORKS_FOLDER_PATH}/AWSSQS.framework",
				"${TARGET_BUILD_DIR}/${FRAMEWORKS_FOLDER_PATH}/AWSSimpleDB.framework",
			);
			runOnlyForDeploymentPostprocessing = 0;
			shellPath = /bin/sh;
			shellScript = "\"${SRCROOT}/Pods/Target Support Files/Pods-EmployeeApp/Pods-EmployeeApp-frameworks.sh\"\n";
			showEnvVarsInLog = 0;
		};
		340F1654BA056FBF3F4D109E /* [CP] Check Pods Manifest.lock */ = {
			isa = PBXShellScriptBuildPhase;
			buildActionMask = 2147483647;
			files = (
			);
			inputPaths = (
				"${PODS_PODFILE_DIR_PATH}/Podfile.lock",
				"${PODS_ROOT}/Manifest.lock",
			);
			name = "[CP] Check Pods Manifest.lock";
			outputPaths = (
				"$(DERIVED_FILE_DIR)/Pods-EmployeeApp-checkManifestLockResult.txt",
			);
			runOnlyForDeploymentPostprocessing = 0;
			shellPath = /bin/sh;
			shellScript = "diff \"${PODS_PODFILE_DIR_PATH}/Podfile.lock\" \"${PODS_ROOT}/Manifest.lock\" > /dev/null\nif [ $? != 0 ] ; then\n    # print error to STDERR\n    echo \"error: The sandbox is not in sync with the Podfile.lock. Run 'pod install' or update your CocoaPods installation.\" >&2\n    exit 1\nfi\n# This output is used by Xcode 'outputs' to avoid re-running this script phase.\necho \"SUCCESS\" > \"${SCRIPT_OUTPUT_FILE_0}\"\n";
			showEnvVarsInLog = 0;
		};
		580235B4ED4BC38FCD95806E /* [CP] Copy Pods Resources */ = {
			isa = PBXShellScriptBuildPhase;
			buildActionMask = 2147483647;
			files = (
			);
			inputPaths = (
			);
			name = "[CP] Copy Pods Resources";
			outputPaths = (
			);
			runOnlyForDeploymentPostprocessing = 0;
			shellPath = /bin/sh;
			shellScript = "\"${SRCROOT}/Pods/Target Support Files/Pods-EmployeeApp/Pods-EmployeeApp-resources.sh\"\n";
			showEnvVarsInLog = 0;
		};
/* End PBXShellScriptBuildPhase section */

/* Begin PBXSourcesBuildPhase section */
		DE4D30151F86D0240034D7C1 /* Sources */ = {
			isa = PBXSourcesBuildPhase;
			buildActionMask = 2147483647;
			files = (
				DE2213BB1FCCFB71003D88B3 /* OrderTableViewController.swift in Sources */,
				DE57FA931FCCBF540085FEEF /* OrderTableViewCell.swift in Sources */,
				DE2213C71FD0E60C003D88B3 /* Order.swift in Sources */,
				DE4D301D1F86D0250034D7C1 /* AppDelegate.swift in Sources */,
			);
			runOnlyForDeploymentPostprocessing = 0;
		};
		DE4D30291F86D0390034D7C1 /* Sources */ = {
			isa = PBXSourcesBuildPhase;
			buildActionMask = 2147483647;
			files = (
				DE2213C01FCCFFD3003D88B3 /* AppDelegate.swift in Sources */,
				DE4D30321F86D0390034D7C1 /* EmployeeAppTests.swift in Sources */,
			);
			runOnlyForDeploymentPostprocessing = 0;
		};
		DE4D30341F86D03A0034D7C1 /* Sources */ = {
			isa = PBXSourcesBuildPhase;
			buildActionMask = 2147483647;
			files = (
				DE2213C11FCCFFD4003D88B3 /* AppDelegate.swift in Sources */,
				DE4D303D1F86D03A0034D7C1 /* EmployeeAppUITests.swift in Sources */,
			);
			runOnlyForDeploymentPostprocessing = 0;
		};
/* End PBXSourcesBuildPhase section */

/* Begin PBXTargetDependency section */
		DE4D302F1F86D0390034D7C1 /* PBXTargetDependency */ = {
			isa = PBXTargetDependency;
			target = DE4D30181F86D0240034D7C1 /* EmployeeApp */;
			targetProxy = DE4D302E1F86D0390034D7C1 /* PBXContainerItemProxy */;
		};
		DE4D303A1F86D03A0034D7C1 /* PBXTargetDependency */ = {
			isa = PBXTargetDependency;
			target = DE4D30181F86D0240034D7C1 /* EmployeeApp */;
			targetProxy = DE4D30391F86D03A0034D7C1 /* PBXContainerItemProxy */;
		};
/* End PBXTargetDependency section */

/* Begin PBXVariantGroup section */
		DE4D30201F86D0260034D7C1 /* Main.storyboard */ = {
			isa = PBXVariantGroup;
			children = (
				DE4D30211F86D0260034D7C1 /* Base */,
			);
			name = Main.storyboard;
			sourceTree = "<group>";
		};
		DE4D30251F86D0270034D7C1 /* LaunchScreen.storyboard */ = {
			isa = PBXVariantGroup;
			children = (
				DE4D30261F86D0270034D7C1 /* Base */,
			);
			name = LaunchScreen.storyboard;
			sourceTree = "<group>";
		};
/* End PBXVariantGroup section */

/* Begin XCBuildConfiguration section */
		DE4D303F1F86D03A0034D7C1 /* Debug */ = {
			isa = XCBuildConfiguration;
			buildSettings = {
				ALWAYS_SEARCH_USER_PATHS = NO;
				CLANG_ANALYZER_NONNULL = YES;
				CLANG_ANALYZER_NUMBER_OBJECT_CONVERSION = YES_AGGRESSIVE;
				CLANG_CXX_LANGUAGE_STANDARD = "gnu++0x";
				CLANG_CXX_LIBRARY = "libc++";
				CLANG_ENABLE_MODULES = YES;
				CLANG_ENABLE_OBJC_ARC = YES;
				CLANG_WARN_BLOCK_CAPTURE_AUTORELEASING = YES;
				CLANG_WARN_BOOL_CONVERSION = YES;
				CLANG_WARN_COMMA = YES;
				CLANG_WARN_CONSTANT_CONVERSION = YES;
				CLANG_WARN_DIRECT_OBJC_ISA_USAGE = YES_ERROR;
				CLANG_WARN_DOCUMENTATION_COMMENTS = YES;
				CLANG_WARN_EMPTY_BODY = YES;
				CLANG_WARN_ENUM_CONVERSION = YES;
				CLANG_WARN_INFINITE_RECURSION = YES;
				CLANG_WARN_INT_CONVERSION = YES;
				CLANG_WARN_NON_LITERAL_NULL_CONVERSION = YES;
				CLANG_WARN_OBJC_LITERAL_CONVERSION = YES;
				CLANG_WARN_OBJC_ROOT_CLASS = YES_ERROR;
				CLANG_WARN_RANGE_LOOP_ANALYSIS = YES;
				CLANG_WARN_STRICT_PROTOTYPES = YES;
				CLANG_WARN_SUSPICIOUS_MOVE = YES;
				CLANG_WARN_UNREACHABLE_CODE = YES;
				CLANG_WARN__DUPLICATE_METHOD_MATCH = YES;
				"CODE_SIGN_IDENTITY[sdk=iphoneos*]" = "iPhone Developer";
				COPY_PHASE_STRIP = NO;
				DEBUG_INFORMATION_FORMAT = dwarf;
				ENABLE_STRICT_OBJC_MSGSEND = YES;
				ENABLE_TESTABILITY = YES;
				GCC_C_LANGUAGE_STANDARD = gnu99;
				GCC_DYNAMIC_NO_PIC = NO;
				GCC_NO_COMMON_BLOCKS = YES;
				GCC_OPTIMIZATION_LEVEL = 0;
				GCC_PREPROCESSOR_DEFINITIONS = (
					"DEBUG=1",
					"$(inherited)",
				);
				GCC_WARN_64_TO_32_BIT_CONVERSION = YES;
				GCC_WARN_ABOUT_RETURN_TYPE = YES_ERROR;
				GCC_WARN_UNDECLARED_SELECTOR = YES;
				GCC_WARN_UNINITIALIZED_AUTOS = YES_AGGRESSIVE;
				GCC_WARN_UNUSED_FUNCTION = YES;
				GCC_WARN_UNUSED_VARIABLE = YES;
				IPHONEOS_DEPLOYMENT_TARGET = 11.1;
				MTL_ENABLE_DEBUG_INFO = YES;
				ONLY_ACTIVE_ARCH = YES;
				SDKROOT = iphoneos;
				SWIFT_ACTIVE_COMPILATION_CONDITIONS = DEBUG;
				SWIFT_OPTIMIZATION_LEVEL = "-Onone";
			};
			name = Debug;
		};
		DE4D30401F86D03A0034D7C1 /* Release */ = {
			isa = XCBuildConfiguration;
			buildSettings = {
				ALWAYS_SEARCH_USER_PATHS = NO;
				CLANG_ANALYZER_NONNULL = YES;
				CLANG_ANALYZER_NUMBER_OBJECT_CONVERSION = YES_AGGRESSIVE;
				CLANG_CXX_LANGUAGE_STANDARD = "gnu++0x";
				CLANG_CXX_LIBRARY = "libc++";
				CLANG_ENABLE_MODULES = YES;
				CLANG_ENABLE_OBJC_ARC = YES;
				CLANG_WARN_BLOCK_CAPTURE_AUTORELEASING = YES;
				CLANG_WARN_BOOL_CONVERSION = YES;
				CLANG_WARN_COMMA = YES;
				CLANG_WARN_CONSTANT_CONVERSION = YES;
				CLANG_WARN_DIRECT_OBJC_ISA_USAGE = YES_ERROR;
				CLANG_WARN_DOCUMENTATION_COMMENTS = YES;
				CLANG_WARN_EMPTY_BODY = YES;
				CLANG_WARN_ENUM_CONVERSION = YES;
				CLANG_WARN_INFINITE_RECURSION = YES;
				CLANG_WARN_INT_CONVERSION = YES;
				CLANG_WARN_NON_LITERAL_NULL_CONVERSION = YES;
				CLANG_WARN_OBJC_LITERAL_CONVERSION = YES;
				CLANG_WARN_OBJC_ROOT_CLASS = YES_ERROR;
				CLANG_WARN_RANGE_LOOP_ANALYSIS = YES;
				CLANG_WARN_STRICT_PROTOTYPES = YES;
				CLANG_WARN_SUSPICIOUS_MOVE = YES;
				CLANG_WARN_UNREACHABLE_CODE = YES;
				CLANG_WARN__DUPLICATE_METHOD_MATCH = YES;
				"CODE_SIGN_IDENTITY[sdk=iphoneos*]" = "iPhone Developer";
				COPY_PHASE_STRIP = NO;
				DEBUG_INFORMATION_FORMAT = "dwarf-with-dsym";
				ENABLE_NS_ASSERTIONS = NO;
				ENABLE_STRICT_OBJC_MSGSEND = YES;
				GCC_C_LANGUAGE_STANDARD = gnu99;
				GCC_NO_COMMON_BLOCKS = YES;
				GCC_WARN_64_TO_32_BIT_CONVERSION = YES;
				GCC_WARN_ABOUT_RETURN_TYPE = YES_ERROR;
				GCC_WARN_UNDECLARED_SELECTOR = YES;
				GCC_WARN_UNINITIALIZED_AUTOS = YES_AGGRESSIVE;
				GCC_WARN_UNUSED_FUNCTION = YES;
				GCC_WARN_UNUSED_VARIABLE = YES;
				IPHONEOS_DEPLOYMENT_TARGET = 11.1;
				MTL_ENABLE_DEBUG_INFO = NO;
				SDKROOT = iphoneos;
				SWIFT_OPTIMIZATION_LEVEL = "-Owholemodule";
				VALIDATE_PRODUCT = YES;
			};
			name = Release;
		};
		DE4D30421F86D03A0034D7C1 /* Debug */ = {
			isa = XCBuildConfiguration;
			baseConfigurationReference = C169EABAAEB6007D39EF7FF1 /* Pods-EmployeeApp.debug.xcconfig */;
			buildSettings = {
				ASSETCATALOG_COMPILER_APPICON_NAME = AppIcon;
				CODE_SIGN_IDENTITY = "iPhone Developer";
				"CODE_SIGN_IDENTITY[sdk=iphoneos*]" = "iPhone Developer";
				CODE_SIGN_STYLE = Automatic;
				DEVELOPMENT_TEAM = BWFPD36VY3;
				ENABLE_BITCODE = NO;
				GCC_NO_COMMON_BLOCKS = NO;
				INFOPLIST_FILE = EmployeeApp/Info.plist;
				LD_RUNPATH_SEARCH_PATHS = "$(inherited) @executable_path/Frameworks";
				ONLY_ACTIVE_ARCH = YES;
				PRODUCT_BUNDLE_IDENTIFIER = bsantillana.EmployeeApp;
				PRODUCT_NAME = "$(TARGET_NAME)";
				PROVISIONING_PROFILE_SPECIFIER = "";
				SWIFT_REFLECTION_METADATA_LEVEL = none;
				SWIFT_VERSION = 3.0;
				TARGETED_DEVICE_FAMILY = "1,2";
			};
			name = Debug;
		};
		DE4D30431F86D03A0034D7C1 /* Release */ = {
			isa = XCBuildConfiguration;
			baseConfigurationReference = ED5BCDB9F45AE97AA36709B3 /* Pods-EmployeeApp.release.xcconfig */;
			buildSettings = {
				ASSETCATALOG_COMPILER_APPICON_NAME = AppIcon;
				CODE_SIGN_IDENTITY = "iPhone Developer";
				"CODE_SIGN_IDENTITY[sdk=iphoneos*]" = "iPhone Developer";
				CODE_SIGN_STYLE = Automatic;
				DEVELOPMENT_TEAM = BWFPD36VY3;
				ENABLE_BITCODE = NO;
				GCC_NO_COMMON_BLOCKS = NO;
				INFOPLIST_FILE = EmployeeApp/Info.plist;
				LD_RUNPATH_SEARCH_PATHS = "$(inherited) @executable_path/Frameworks";
				PRODUCT_BUNDLE_IDENTIFIER = bsantillana.EmployeeApp;
				PRODUCT_NAME = "$(TARGET_NAME)";
				PROVISIONING_PROFILE_SPECIFIER = "";
				SWIFT_REFLECTION_METADATA_LEVEL = none;
				SWIFT_VERSION = 3.0;
				TARGETED_DEVICE_FAMILY = "1,2";
			};
			name = Release;
		};
		DE4D30451F86D03A0034D7C1 /* Debug */ = {
			isa = XCBuildConfiguration;
			buildSettings = {
				ALWAYS_EMBED_SWIFT_STANDARD_LIBRARIES = YES;
				BUNDLE_LOADER = "$(TEST_HOST)";
				CODE_SIGN_IDENTITY = "iPhone Developer";
				CODE_SIGN_STYLE = Manual;
				DEVELOPMENT_TEAM = "";
				INFOPLIST_FILE = EmployeeAppTests/Info.plist;
				LD_RUNPATH_SEARCH_PATHS = "$(inherited) @executable_path/Frameworks @loader_path/Frameworks";
				PRODUCT_BUNDLE_IDENTIFIER = bsantillana.EmployeeAppTests;
				PRODUCT_NAME = "$(TARGET_NAME)";
				PROVISIONING_PROFILE_SPECIFIER = "";
				SWIFT_VERSION = 3.0;
				TEST_HOST = "$(BUILT_PRODUCTS_DIR)/EmployeeApp.app/EmployeeApp";
			};
			name = Debug;
		};
		DE4D30461F86D03A0034D7C1 /* Release */ = {
			isa = XCBuildConfiguration;
			buildSettings = {
				ALWAYS_EMBED_SWIFT_STANDARD_LIBRARIES = YES;
				BUNDLE_LOADER = "$(TEST_HOST)";
				CODE_SIGN_IDENTITY = "iPhone Developer";
				CODE_SIGN_STYLE = Manual;
				DEVELOPMENT_TEAM = "";
				INFOPLIST_FILE = EmployeeAppTests/Info.plist;
				LD_RUNPATH_SEARCH_PATHS = "$(inherited) @executable_path/Frameworks @loader_path/Frameworks";
				PRODUCT_BUNDLE_IDENTIFIER = bsantillana.EmployeeAppTests;
				PRODUCT_NAME = "$(TARGET_NAME)";
				PROVISIONING_PROFILE_SPECIFIER = "";
				SWIFT_VERSION = 3.0;
				TEST_HOST = "$(BUILT_PRODUCTS_DIR)/EmployeeApp.app/EmployeeApp";
			};
			name = Release;
		};
		DE4D30481F86D03A0034D7C1 /* Debug */ = {
			isa = XCBuildConfiguration;
			buildSettings = {
				ALWAYS_EMBED_SWIFT_STANDARD_LIBRARIES = YES;
				CODE_SIGN_IDENTITY = "iPhone Developer";
				CODE_SIGN_STYLE = Manual;
				DEVELOPMENT_TEAM = "";
				INFOPLIST_FILE = EmployeeAppUITests/Info.plist;
				LD_RUNPATH_SEARCH_PATHS = "$(inherited) @executable_path/Frameworks @loader_path/Frameworks";
				PRODUCT_BUNDLE_IDENTIFIER = bsantillana.EmployeeAppUITests;
				PRODUCT_NAME = "$(TARGET_NAME)";
				PROVISIONING_PROFILE_SPECIFIER = "";
				SWIFT_VERSION = 3.0;
				TEST_TARGET_NAME = EmployeeApp;
			};
			name = Debug;
		};
		DE4D30491F86D03A0034D7C1 /* Release */ = {
			isa = XCBuildConfiguration;
			buildSettings = {
				ALWAYS_EMBED_SWIFT_STANDARD_LIBRARIES = YES;
				CODE_SIGN_IDENTITY = "iPhone Developer";
				CODE_SIGN_STYLE = Manual;
				DEVELOPMENT_TEAM = "";
				INFOPLIST_FILE = EmployeeAppUITests/Info.plist;
				LD_RUNPATH_SEARCH_PATHS = "$(inherited) @executable_path/Frameworks @loader_path/Frameworks";
				PRODUCT_BUNDLE_IDENTIFIER = bsantillana.EmployeeAppUITests;
				PRODUCT_NAME = "$(TARGET_NAME)";
				PROVISIONING_PROFILE_SPECIFIER = "";
				SWIFT_VERSION = 3.0;
				TEST_TARGET_NAME = EmployeeApp;
			};
			name = Release;
		};
/* End XCBuildConfiguration section */

/* Begin XCConfigurationList section */
		DE4D30141F86D0230034D7C1 /* Build configuration list for PBXProject "EmployeeApp" */ = {
			isa = XCConfigurationList;
			buildConfigurations = (
				DE4D303F1F86D03A0034D7C1 /* Debug */,
				DE4D30401F86D03A0034D7C1 /* Release */,
			);
			defaultConfigurationIsVisible = 0;
			defaultConfigurationName = Release;
		};
		DE4D30411F86D03A0034D7C1 /* Build configuration list for PBXNativeTarget "EmployeeApp" */ = {
			isa = XCConfigurationList;
			buildConfigurations = (
				DE4D30421F86D03A0034D7C1 /* Debug */,
				DE4D30431F86D03A0034D7C1 /* Release */,
			);
			defaultConfigurationIsVisible = 0;
			defaultConfigurationName = Release;
		};
		DE4D30441F86D03A0034D7C1 /* Build configuration list for PBXNativeTarget "EmployeeAppTests" */ = {
			isa = XCConfigurationList;
			buildConfigurations = (
				DE4D30451F86D03A0034D7C1 /* Debug */,
				DE4D30461F86D03A0034D7C1 /* Release */,
			);
			defaultConfigurationIsVisible = 0;
			defaultConfigurationName = Release;
		};
		DE4D30471F86D03A0034D7C1 /* Build configuration list for PBXNativeTarget "EmployeeAppUITests" */ = {
			isa = XCConfigurationList;
			buildConfigurations = (
				DE4D30481F86D03A0034D7C1 /* Debug */,
				DE4D30491F86D03A0034D7C1 /* Release */,
			);
			defaultConfigurationIsVisible = 0;
			defaultConfigurationName = Release;
		};
/* End XCConfigurationList section */
	};
	rootObject = DE4D30111F86D0230034D7C1 /* Project object */;
}
