PODS:
  - AWSAutoScaling (2.6.11):
    - AWSCore (= 2.6.11)
  - AWSCloudWatch (2.6.11):
    - AWSCore (= 2.6.11)
  - AWSCognito (2.6.11):
    - AWSCore (= 2.6.11)
  - AWSCognitoIdentityProvider (2.6.11):
    - AWSCognitoIdentityProviderASF (= 1.0.1)
    - AWSCore (= 2.6.11)
  - AWSCognitoIdentityProviderASF (1.0.1)
  - AWSCore (2.6.11)
  - AWSDynamoDB (2.6.11):
    - AWSCore (= 2.6.11)
  - AWSEC2 (2.6.11):
    - AWSCore (= 2.6.11)
  - AWSElasticLoadBalancing (2.6.11):
    - AWSCore (= 2.6.11)
  - AWSIoT (2.6.11):
    - AWSCore (= 2.6.11)
  - AWSKinesis (2.6.11):
    - AWSCore (= 2.6.11)
  - AWSLambda (2.6.11):
    - AWSCore (= 2.6.11)
  - AWSMachineLearning (2.6.11):
    - AWSCore (= 2.6.11)
  - AWSMobileAnalytics (2.6.11):
    - AWSCore (= 2.6.11)
  - AWSS3 (2.6.11):
    - AWSCore (= 2.6.11)
  - AWSSES (2.6.11):
    - AWSCore (= 2.6.11)
  - AWSSimpleDB (2.6.11):
    - AWSCore (= 2.6.11)
  - AWSSNS (2.6.11):
    - AWSCore (= 2.6.11)
  - AWSSQS (2.6.11):
    - AWSCore (= 2.6.11)
  - DLRadioButton (1.4.11)
  - SearchTextField (1.2.0)

DEPENDENCIES:
  - AWSAutoScaling
  - AWSCloudWatch
  - AWSCognito
  - AWSCognitoIdentityProvider
  - AWSDynamoDB
  - AWSEC2
  - AWSElasticLoadBalancing
  - AWSIoT
  - AWSKinesis
  - AWSLambda
  - AWSMachineLearning
  - AWSMobileAnalytics
  - AWSS3
  - AWSSES
  - AWSSimpleDB
  - AWSSNS
  - AWSSQS
  - DLRadioButton
  - SearchTextField

SPEC CHECKSUMS:
  AWSAutoScaling: 3285d95f21dc9172efc2cb0449f54b7b820439ec
  AWSCloudWatch: c8211865c56d3569b66b2c6b27489289d7696ee5
  AWSCognito: 1e6f65e3512bc9332e28c64e8a36001bce6213f9
  AWSCognitoIdentityProvider: 83b8a4dcdd83f54750ff6556f24757894c6e6062
  AWSCognitoIdentityProviderASF: f94f1a502e72ef3d0a1de93e10bf7a79c8698118
  AWSCore: a461695bf302a32a366768bf36056be3a2c87d8d
  AWSDynamoDB: b77bdd2b91ca4787803b7f06c8efbf7725e81a8f
  AWSEC2: 3c44f8a2176cb810261e68560bab881942c75592
  AWSElasticLoadBalancing: 15863105f4193d0fcbb598734fe49bf3bacdb59a
  AWSIoT: 78fb0407a3c13fd212dc52cfd0656d1f110c8670
  AWSKinesis: 45c4c71fdc391e06d71a2ce617060e4e771c3ecd
  AWSLambda: 8598dd7c2af53ee82f2f469aad2170b93a87278c
  AWSMachineLearning: 14df84dea00f31e432ad27787c3ff68aa165a7bb
  AWSMobileAnalytics: 1746be1ddbd2326ad3775a4457294c3ef2bfa180
  AWSS3: d13e29a4dbfecb7cd99b4ce833a9fe221dee8cba
  AWSSES: 80473c566702091bc16ac6db105682caecc8a571
  AWSSimpleDB: 368a6cac3202971afc32e550a4a41f960a3a4983
  AWSSNS: 41e648984fd05f83ef50753614e9f74547abe6ca
  AWSSQS: 9a6dfccac2cf7f1f186c73cc64580120dfb0fdc5
  DLRadioButton: 0d04b8259e7bfd886571a1e9173c73fee7118f50
  SearchTextField: a5bb7e4c33affadb115afdbe8100d84ef10a8024

PODFILE CHECKSUM: 6bf2ffec9af00abb4c4392f0c8d83d7bf028f815

COCOAPODS: 1.3.1
